// !$*UTF8*$!
{
	archiveVersion = 1;
	classes = {
	};
	objectVersion = 55;
	objects = {

/* Begin PBXBuildFile section */
		A417AA5728FF5163008DE7B0 /* AppDelegate.swift in Sources */ = {isa = PBXBuildFile; fileRef = A417AA5628FF5163008DE7B0 /* AppDelegate.swift */; };
		A417AA5928FF5163008DE7B0 /* SceneDelegate.swift in Sources */ = {isa = PBXBuildFile; fileRef = A417AA5828FF5163008DE7B0 /* SceneDelegate.swift */; };
		A417AA5B28FF5163008DE7B0 /* ViewController.swift in Sources */ = {isa = PBXBuildFile; fileRef = A417AA5A28FF5163008DE7B0 /* ViewController.swift */; };
		A417AA5E28FF5163008DE7B0 /* Main.storyboard in Resources */ = {isa = PBXBuildFile; fileRef = A417AA5C28FF5163008DE7B0 /* Main.storyboard */; };
		A417AA6028FF5164008DE7B0 /* Assets.xcassets in Resources */ = {isa = PBXBuildFile; fileRef = A417AA5F28FF5164008DE7B0 /* Assets.xcassets */; };
		A417AA6328FF5164008DE7B0 /* LaunchScreen.storyboard in Resources */ = {isa = PBXBuildFile; fileRef = A417AA6128FF5164008DE7B0 /* LaunchScreen.storyboard */; };
		A417AA6E28FF5164008DE7B0 /* LayoutsTests.swift in Sources */ = {isa = PBXBuildFile; fileRef = A417AA6D28FF5164008DE7B0 /* LayoutsTests.swift */; };
		A417AA7828FF5164008DE7B0 /* LayoutsUITests.swift in Sources */ = {isa = PBXBuildFile; fileRef = A417AA7728FF5164008DE7B0 /* LayoutsUITests.swift */; };
		A417AA7A28FF5164008DE7B0 /* LayoutsUITestsLaunchTests.swift in Sources */ = {isa = PBXBuildFile; fileRef = A417AA7928FF5164008DE7B0 /* LayoutsUITestsLaunchTests.swift */; };
/* End PBXBuildFile section */

/* Begin PBXContainerItemProxy section */
		A417AA6A28FF5164008DE7B0 /* PBXContainerItemProxy */ = {
			isa = PBXContainerItemProxy;
			containerPortal = A417AA4B28FF5163008DE7B0 /* Project object */;
			proxyType = 1;
			remoteGlobalIDString = A417AA5228FF5163008DE7B0;
			remoteInfo = Layouts;
		};
		A417AA7428FF5164008DE7B0 /* PBXContainerItemProxy */ = {
			isa = PBXContainerItemProxy;
			containerPortal = A417AA4B28FF5163008DE7B0 /* Project object */;
			proxyType = 1;
			remoteGlobalIDString = A417AA5228FF5163008DE7B0;
			remoteInfo = Layouts;
		};
/* End PBXContainerItemProxy section */

/* Begin PBXFileReference section */
		A417AA5328FF5163008DE7B0 /* Layouts.app */ = {isa = PBXFileReference; explicitFileType = wrapper.application; includeInIndex = 0; path = Layouts.app; sourceTree = BUILT_PRODUCTS_DIR; };
		A417AA5628FF5163008DE7B0 /* AppDelegate.swift */ = {isa = PBXFileReference; lastKnownFileType = sourcecode.swift; path = AppDelegate.swift; sourceTree = "<group>"; };
		A417AA5828FF5163008DE7B0 /* SceneDelegate.swift */ = {isa = PBXFileReference; lastKnownFileType = sourcecode.swift; path = SceneDelegate.swift; sourceTree = "<group>"; };
		A417AA5A28FF5163008DE7B0 /* ViewController.swift */ = {isa = PBXFileReference; lastKnownFileType = sourcecode.swift; path = ViewController.swift; sourceTree = "<group>"; };
		A417AA5D28FF5163008DE7B0 /* Base */ = {isa = PBXFileReference; lastKnownFileType = file.storyboard; name = Base; path = Base.lproj/Main.storyboard; sourceTree = "<group>"; };
		A417AA5F28FF5164008DE7B0 /* Assets.xcassets */ = {isa = PBXFileReference; lastKnownFileType = folder.assetcatalog; path = Assets.xcassets; sourceTree = "<group>"; };
		A417AA6228FF5164008DE7B0 /* Base */ = {isa = PBXFileReference; lastKnownFileType = file.storyboard; name = Base; path = Base.lproj/LaunchScreen.storyboard; sourceTree = "<group>"; };
		A417AA6428FF5164008DE7B0 /* Info.plist */ = {isa = PBXFileReference; lastKnownFileType = text.plist.xml; path = Info.plist; sourceTree = "<group>"; };
		A417AA6928FF5164008DE7B0 /* LayoutsTests.xctest */ = {isa = PBXFileReference; explicitFileType = wrapper.cfbundle; includeInIndex = 0; path = LayoutsTests.xctest; sourceTree = BUILT_PRODUCTS_DIR; };
		A417AA6D28FF5164008DE7B0 /* LayoutsTests.swift */ = {isa = PBXFileReference; lastKnownFileType = sourcecode.swift; path = LayoutsTests.swift; sourceTree = "<group>"; };
		A417AA7328FF5164008DE7B0 /* LayoutsUITests.xctest */ = {isa = PBXFileReference; explicitFileType = wrapper.cfbundle; includeInIndex = 0; path = LayoutsUITests.xctest; sourceTree = BUILT_PRODUCTS_DIR; };
		A417AA7728FF5164008DE7B0 /* LayoutsUITests.swift */ = {isa = PBXFileReference; lastKnownFileType = sourcecode.swift; path = LayoutsUITests.swift; sourceTree = "<group>"; };
		A417AA7928FF5164008DE7B0 /* LayoutsUITestsLaunchTests.swift */ = {isa = PBXFileReference; lastKnownFileType = sourcecode.swift; path = LayoutsUITestsLaunchTests.swift; sourceTree = "<group>"; };
/* End PBXFileReference section */

/* Begin PBXFrameworksBuildPhase section */
		A417AA5028FF5163008DE7B0 /* Frameworks */ = {
			isa = PBXFrameworksBuildPhase;
			buildActionMask = 2147483647;
			files = (
			);
			runOnlyForDeploymentPostprocessing = 0;
		};
		A417AA6628FF5164008DE7B0 /* Frameworks */ = {
			isa = PBXFrameworksBuildPhase;
			buildActionMask = 2147483647;
			files = (
			);
			runOnlyForDeploymentPostprocessing = 0;
		};
		A417AA7028FF5164008DE7B0 /* Frameworks */ = {
			isa = PBXFrameworksBuildPhase;
			buildActionMask = 2147483647;
			files = (
			);
			runOnlyForDeploymentPostprocessing = 0;
		};
/* End PBXFrameworksBuildPhase section */

/* Begin PBXGroup section */
		A417AA4A28FF5163008DE7B0 = {
			isa = PBXGroup;
			children = (
				A417AA5528FF5163008DE7B0 /* Layouts */,
				A417AA6C28FF5164008DE7B0 /* LayoutsTests */,
				A417AA7628FF5164008DE7B0 /* LayoutsUITests */,
				A417AA5428FF5163008DE7B0 /* Products */,
			);
			sourceTree = "<group>";
		};
		A417AA5428FF5163008DE7B0 /* Products */ = {
			isa = PBXGroup;
			children = (
				A417AA5328FF5163008DE7B0 /* Layouts.app */,
				A417AA6928FF5164008DE7B0 /* LayoutsTests.xctest */,
				A417AA7328FF5164008DE7B0 /* LayoutsUITests.xctest */,
			);
			name = Products;
			sourceTree = "<group>";
		};
		A417AA5528FF5163008DE7B0 /* Layouts */ = {
			isa = PBXGroup;
			children = (
				A417AA5628FF5163008DE7B0 /* AppDelegate.swift */,
				A417AA5828FF5163008DE7B0 /* SceneDelegate.swift */,
				A417AA5A28FF5163008DE7B0 /* ViewController.swift */,
				A417AA5C28FF5163008DE7B0 /* Main.storyboard */,
				A417AA5F28FF5164008DE7B0 /* Assets.xcassets */,
				A417AA6128FF5164008DE7B0 /* LaunchScreen.storyboard */,
				A417AA6428FF5164008DE7B0 /* Info.plist */,
			);
			path = Layouts;
			sourceTree = "<group>";
		};
		A417AA6C28FF5164008DE7B0 /* LayoutsTests */ = {
			isa = PBXGroup;
			children = (
				A417AA6D28FF5164008DE7B0 /* LayoutsTests.swift */,
			);
			path = LayoutsTests;
			sourceTree = "<group>";
		};
		A417AA7628FF5164008DE7B0 /* LayoutsUITests */ = {
			isa = PBXGroup;
			children = (
				A417AA7728FF5164008DE7B0 /* LayoutsUITests.swift */,
				A417AA7928FF5164008DE7B0 /* LayoutsUITestsLaunchTests.swift */,
			);
			path = LayoutsUITests;
			sourceTree = "<group>";
		};
/* End PBXGroup section */

/* Begin PBXNativeTarget section */
		A417AA5228FF5163008DE7B0 /* Layouts */ = {
			isa = PBXNativeTarget;
			buildConfigurationList = A417AA7D28FF5164008DE7B0 /* Build configuration list for PBXNativeTarget "Layouts" */;
			buildPhases = (
				A417AA4F28FF5163008DE7B0 /* Sources */,
				A417AA5028FF5163008DE7B0 /* Frameworks */,
				A417AA5128FF5163008DE7B0 /* Resources */,
			);
			buildRules = (
			);
			dependencies = (
			);
			name = Layouts;
			productName = Layouts;
			productReference = A417AA5328FF5163008DE7B0 /* Layouts.app */;
			productType = "com.apple.product-type.application";
		};
		A417AA6828FF5164008DE7B0 /* LayoutsTests */ = {
			isa = PBXNativeTarget;
			buildConfigurationList = A417AA8028FF5164008DE7B0 /* Build configuration list for PBXNativeTarget "LayoutsTests" */;
			buildPhases = (
				A417AA6528FF5164008DE7B0 /* Sources */,
				A417AA6628FF5164008DE7B0 /* Frameworks */,
				A417AA6728FF5164008DE7B0 /* Resources */,
			);
			buildRules = (
			);
			dependencies = (
				A417AA6B28FF5164008DE7B0 /* PBXTargetDependency */,
			);
			name = LayoutsTests;
			productName = LayoutsTests;
			productReference = A417AA6928FF5164008DE7B0 /* LayoutsTests.xctest */;
			productType = "com.apple.product-type.bundle.unit-test";
		};
		A417AA7228FF5164008DE7B0 /* LayoutsUITests */ = {
			isa = PBXNativeTarget;
			buildConfigurationList = A417AA8328FF5164008DE7B0 /* Build configuration list for PBXNativeTarget "LayoutsUITests" */;
			buildPhases = (
				A417AA6F28FF5164008DE7B0 /* Sources */,
				A417AA7028FF5164008DE7B0 /* Frameworks */,
				A417AA7128FF5164008DE7B0 /* Resources */,
			);
			buildRules = (
			);
			dependencies = (
				A417AA7528FF5164008DE7B0 /* PBXTargetDependency */,
			);
			name = LayoutsUITests;
			productName = LayoutsUITests;
			productReference = A417AA7328FF5164008DE7B0 /* LayoutsUITests.xctest */;
			productType = "com.apple.product-type.bundle.ui-testing";
		};
/* End PBXNativeTarget section */

/* Begin PBXProject section */
		A417AA4B28FF5163008DE7B0 /* Project object */ = {
			isa = PBXProject;
			attributes = {
				BuildIndependentTargetsInParallel = 1;
				LastSwiftUpdateCheck = 1340;
				LastUpgradeCheck = 1340;
				TargetAttributes = {
					A417AA5228FF5163008DE7B0 = {
						CreatedOnToolsVersion = 13.4.1;
					};
					A417AA6828FF5164008DE7B0 = {
						CreatedOnToolsVersion = 13.4.1;
						TestTargetID = A417AA5228FF5163008DE7B0;
					};
					A417AA7228FF5164008DE7B0 = {
						CreatedOnToolsVersion = 13.4.1;
						TestTargetID = A417AA5228FF5163008DE7B0;
					};
				};
			};
			buildConfigurationList = A417AA4E28FF5163008DE7B0 /* Build configuration list for PBXProject "Layouts" */;
			compatibilityVersion = "Xcode 13.0";
			developmentRegion = en;
			hasScannedForEncodings = 0;
			knownRegions = (
				en,
				Base,
			);
			mainGroup = A417AA4A28FF5163008DE7B0;
			productRefGroup = A417AA5428FF5163008DE7B0 /* Products */;
			projectDirPath = "";
			projectRoot = "";
			targets = (
				A417AA5228FF5163008DE7B0 /* Layouts */,
				A417AA6828FF5164008DE7B0 /* LayoutsTests */,
				A417AA7228FF5164008DE7B0 /* LayoutsUITests */,
			);
		};
/* End PBXProject section */

/* Begin PBXResourcesBuildPhase section */
		A417AA5128FF5163008DE7B0 /* Resources */ = {
			isa = PBXResourcesBuildPhase;
			buildActionMask = 2147483647;
			files = (
				A417AA6328FF5164008DE7B0 /* LaunchScreen.storyboard in Resources */,
				A417AA6028FF5164008DE7B0 /* Assets.xcassets in Resources */,
				A417AA5E28FF5163008DE7B0 /* Main.storyboard in Resources */,
			);
			runOnlyForDeploymentPostprocessing = 0;
		};
		A417AA6728FF5164008DE7B0 /* Resources */ = {
			isa = PBXResourcesBuildPhase;
			buildActionMask = 2147483647;
			files = (
			);
			runOnlyForDeploymentPostprocessing = 0;
		};
		A417AA7128FF5164008DE7B0 /* Resources */ = {
			isa = PBXResourcesBuildPhase;
			buildActionMask = 2147483647;
			files = (
			);
			runOnlyForDeploymentPostprocessing = 0;
		};
/* End PBXResourcesBuildPhase section */

/* Begin PBXSourcesBuildPhase section */
		A417AA4F28FF5163008DE7B0 /* Sources */ = {
			isa = PBXSourcesBuildPhase;
			buildActionMask = 2147483647;
			files = (
				A417AA5B28FF5163008DE7B0 /* ViewController.swift in Sources */,
				A417AA5728FF5163008DE7B0 /* AppDelegate.swift in Sources */,
				A417AA5928FF5163008DE7B0 /* SceneDelegate.swift in Sources */,
			);
			runOnlyForDeploymentPostprocessing = 0;
		};
		A417AA6528FF5164008DE7B0 /* Sources */ = {
			isa = PBXSourcesBuildPhase;
			buildActionMask = 2147483647;
			files = (
				A417AA6E28FF5164008DE7B0 /* LayoutsTests.swift in Sources */,
			);
			runOnlyForDeploymentPostprocessing = 0;
		};
		A417AA6F28FF5164008DE7B0 /* Sources */ = {
			isa = PBXSourcesBuildPhase;
			buildActionMask = 2147483647;
			files = (
				A417AA7A28FF5164008DE7B0 /* LayoutsUITestsLaunchTests.swift in Sources */,
				A417AA7828FF5164008DE7B0 /* LayoutsUITests.swift in Sources */,
			);
			runOnlyForDeploymentPostprocessing = 0;
		};
/* End PBXSourcesBuildPhase section */

/* Begin PBXTargetDependency section */
		A417AA6B28FF5164008DE7B0 /* PBXTargetDependency */ = {
			isa = PBXTargetDependency;
			target = A417AA5228FF5163008DE7B0 /* Layouts */;
			targetProxy = A417AA6A28FF5164008DE7B0 /* PBXContainerItemProxy */;
		};
		A417AA7528FF5164008DE7B0 /* PBXTargetDependency */ = {
			isa = PBXTargetDependency;
			target = A417AA5228FF5163008DE7B0 /* Layouts */;
			targetProxy = A417AA7428FF5164008DE7B0 /* PBXContainerItemProxy */;
		};
/* End PBXTargetDependency section */

/* Begin PBXVariantGroup section */
		A417AA5C28FF5163008DE7B0 /* Main.storyboard */ = {
			isa = PBXVariantGroup;
			children = (
				A417AA5D28FF5163008DE7B0 /* Base */,
			);
			name = Main.storyboard;
			sourceTree = "<group>";
		};
		A417AA6128FF5164008DE7B0 /* LaunchScreen.storyboard */ = {
			isa = PBXVariantGroup;
			children = (
				A417AA6228FF5164008DE7B0 /* Base */,
			);
			name = LaunchScreen.storyboard;
			sourceTree = "<group>";
		};
/* End PBXVariantGroup section */

/* Begin XCBuildConfiguration section */
		A417AA7B28FF5164008DE7B0 /* Debug */ = {
			isa = XCBuildConfiguration;
			buildSettings = {
				ALWAYS_SEARCH_USER_PATHS = NO;
				CLANG_ANALYZER_NONNULL = YES;
				CLANG_ANALYZER_NUMBER_OBJECT_CONVERSION = YES_AGGRESSIVE;
				CLANG_CXX_LANGUAGE_STANDARD = "gnu++17";
				CLANG_ENABLE_MODULES = YES;
				CLANG_ENABLE_OBJC_ARC = YES;
				CLANG_ENABLE_OBJC_WEAK = YES;
				CLANG_WARN_BLOCK_CAPTURE_AUTORELEASING = YES;
				CLANG_WARN_BOOL_CONVERSION = YES;
				CLANG_WARN_COMMA = YES;
				CLANG_WARN_CONSTANT_CONVERSION = YES;
				CLANG_WARN_DEPRECATED_OBJC_IMPLEMENTATIONS = YES;
				CLANG_WARN_DIRECT_OBJC_ISA_USAGE = YES_ERROR;
				CLANG_WARN_DOCUMENTATION_COMMENTS = YES;
				CLANG_WARN_EMPTY_BODY = YES;
				CLANG_WARN_ENUM_CONVERSION = YES;
				CLANG_WARN_INFINITE_RECURSION = YES;
				CLANG_WARN_INT_CONVERSION = YES;
				CLANG_WARN_NON_LITERAL_NULL_CONVERSION = YES;
				CLANG_WARN_OBJC_IMPLICIT_RETAIN_SELF = YES;
				CLANG_WARN_OBJC_LITERAL_CONVERSION = YES;
				CLANG_WARN_OBJC_ROOT_CLASS = YES_ERROR;
				CLANG_WARN_QUOTED_INCLUDE_IN_FRAMEWORK_HEADER = YES;
				CLANG_WARN_RANGE_LOOP_ANALYSIS = YES;
				CLANG_WARN_STRICT_PROTOTYPES = YES;
				CLANG_WARN_SUSPICIOUS_MOVE = YES;
				CLANG_WARN_UNGUARDED_AVAILABILITY = YES_AGGRESSIVE;
				CLANG_WARN_UNREACHABLE_CODE = YES;
				CLANG_WARN__DUPLICATE_METHOD_MATCH = YES;
				COPY_PHASE_STRIP = NO;
				DEBUG_INFORMATION_FORMAT = dwarf;
				ENABLE_STRICT_OBJC_MSGSEND = YES;
				ENABLE_TESTABILITY = YES;
				GCC_C_LANGUAGE_STANDARD = gnu11;
				GCC_DYNAMIC_NO_PIC = NO;
				GCC_NO_COMMON_BLOCKS = YES;
				GCC_OPTIMIZATION_LEVEL = 0;
				GCC_PREPROCESSOR_DEFINITIONS = (
					"DEBUG=1",
					"$(inherited)",
				);
				GCC_WARN_64_TO_32_BIT_CONVERSION = YES;
				GCC_WARN_ABOUT_RETURN_TYPE = YES_ERROR;
				GCC_WARN_UNDECLARED_SELECTOR = YES;
				GCC_WARN_UNINITIALIZED_AUTOS = YES_AGGRESSIVE;
				GCC_WARN_UNUSED_FUNCTION = YES;
				GCC_WARN_UNUSED_VARIABLE = YES;
				IPHONEOS_DEPLOYMENT_TARGET = 15.5;
				MTL_ENABLE_DEBUG_INFO = INCLUDE_SOURCE;
				MTL_FAST_MATH = YES;
				ONLY_ACTIVE_ARCH = YES;
				SDKROOT = iphoneos;
				SWIFT_ACTIVE_COMPILATION_CONDITIONS = DEBUG;
				SWIFT_OPTIMIZATION_LEVEL = "-Onone";
			};
			name = Debug;
		};
		A417AA7C28FF5164008DE7B0 /* Release */ = {
			isa = XCBuildConfiguration;
			buildSettings = {
				ALWAYS_SEARCH_USER_PATHS = NO;
				CLANG_ANALYZER_NONNULL = YES;
				CLANG_ANALYZER_NUMBER_OBJECT_CONVERSION = YES_AGGRESSIVE;
				CLANG_CXX_LANGUAGE_STANDARD = "gnu++17";
				CLANG_ENABLE_MODULES = YES;
				CLANG_ENABLE_OBJC_ARC = YES;
				CLANG_ENABLE_OBJC_WEAK = YES;
				CLANG_WARN_BLOCK_CAPTURE_AUTORELEASING = YES;
				CLANG_WARN_BOOL_CONVERSION = YES;
				CLANG_WARN_COMMA = YES;
				CLANG_WARN_CONSTANT_CONVERSION = YES;
				CLANG_WARN_DEPRECATED_OBJC_IMPLEMENTATIONS = YES;
				CLANG_WARN_DIRECT_OBJC_ISA_USAGE = YES_ERROR;
				CLANG_WARN_DOCUMENTATION_COMMENTS = YES;
				CLANG_WARN_EMPTY_BODY = YES;
				CLANG_WARN_ENUM_CONVERSION = YES;
				CLANG_WARN_INFINITE_RECURSION = YES;
				CLANG_WARN_INT_CONVERSION = YES;
				CLANG_WARN_NON_LITERAL_NULL_CONVERSION = YES;
				CLANG_WARN_OBJC_IMPLICIT_RETAIN_SELF = YES;
				CLANG_WARN_OBJC_LITERAL_CONVERSION = YES;
				CLANG_WARN_OBJC_ROOT_CLASS = YES_ERROR;
				CLANG_WARN_QUOTED_INCLUDE_IN_FRAMEWORK_HEADER = YES;
				CLANG_WARN_RANGE_LOOP_ANALYSIS = YES;
				CLANG_WARN_STRICT_PROTOTYPES = YES;
				CLANG_WARN_SUSPICIOUS_MOVE = YES;
				CLANG_WARN_UNGUARDED_AVAILABILITY = YES_AGGRESSIVE;
				CLANG_WARN_UNREACHABLE_CODE = YES;
				CLANG_WARN__DUPLICATE_METHOD_MATCH = YES;
				COPY_PHASE_STRIP = NO;
				DEBUG_INFORMATION_FORMAT = "dwarf-with-dsym";
				ENABLE_NS_ASSERTIONS = NO;
				ENABLE_STRICT_OBJC_MSGSEND = YES;
				GCC_C_LANGUAGE_STANDARD = gnu11;
				GCC_NO_COMMON_BLOCKS = YES;
				GCC_WARN_64_TO_32_BIT_CONVERSION = YES;
				GCC_WARN_ABOUT_RETURN_TYPE = YES_ERROR;
				GCC_WARN_UNDECLARED_SELECTOR = YES;
				GCC_WARN_UNINITIALIZED_AUTOS = YES_AGGRESSIVE;
				GCC_WARN_UNUSED_FUNCTION = YES;
				GCC_WARN_UNUSED_VARIABLE = YES;
				IPHONEOS_DEPLOYMENT_TARGET = 15.5;
				MTL_ENABLE_DEBUG_INFO = NO;
				MTL_FAST_MATH = YES;
				SDKROOT = iphoneos;
				SWIFT_COMPILATION_MODE = wholemodule;
				SWIFT_OPTIMIZATION_LEVEL = "-O";
				VALIDATE_PRODUCT = YES;
			};
			name = Release;
		};
		A417AA7E28FF5164008DE7B0 /* Debug */ = {
			isa = XCBuildConfiguration;
			buildSettings = {
				ASSETCATALOG_COMPILER_APPICON_NAME = AppIcon;
				ASSETCATALOG_COMPILER_GLOBAL_ACCENT_COLOR_NAME = AccentColor;
				CODE_SIGN_STYLE = Automatic;
				CURRENT_PROJECT_VERSION = 1;
				DEVELOPMENT_TEAM = 24DL3ZMHAS;
				GENERATE_INFOPLIST_FILE = YES;
				INFOPLIST_FILE = Layouts/Info.plist;
				INFOPLIST_KEY_UIApplicationSupportsIndirectInputEvents = YES;
				INFOPLIST_KEY_UILaunchStoryboardName = LaunchScreen;
				INFOPLIST_KEY_UIMainStoryboardFile = Main;
				INFOPLIST_KEY_UISupportedInterfaceOrientations_iPad = "UIInterfaceOrientationPortrait UIInterfaceOrientationPortraitUpsideDown UIInterfaceOrientationLandscapeLeft UIInterfaceOrientationLandscapeRight";
				INFOPLIST_KEY_UISupportedInterfaceOrientations_iPhone = "UIInterfaceOrientationPortrait UIInterfaceOrientationLandscapeLeft UIInterfaceOrientationLandscapeRight";
				LD_RUNPATH_SEARCH_PATHS = (
					"$(inherited)",
					"@executable_path/Frameworks",
				);
				MARKETING_VERSION = 1.0;
				PRODUCT_BUNDLE_IDENTIFIER = com.mucasantos.Layouts;
				PRODUCT_NAME = "$(TARGET_NAME)";
				SWIFT_EMIT_LOC_STRINGS = YES;
				SWIFT_VERSION = 5.0;
				TARGETED_DEVICE_FAMILY = "1,2";
			};
			name = Debug;
		};
		A417AA7F28FF5164008DE7B0 /* Release */ = {
			isa = XCBuildConfiguration;
			buildSettings = {
				ASSETCATALOG_COMPILER_APPICON_NAME = AppIcon;
				ASSETCATALOG_COMPILER_GLOBAL_ACCENT_COLOR_NAME = AccentColor;
				CODE_SIGN_STYLE = Automatic;
				CURRENT_PROJECT_VERSION = 1;
				DEVELOPMENT_TEAM = 24DL3ZMHAS;
				GENERATE_INFOPLIST_FILE = YES;
				INFOPLIST_FILE = Layouts/Info.plist;
				INFOPLIST_KEY_UIApplicationSupportsIndirectInputEvents = YES;
				INFOPLIST_KEY_UILaunchStoryboardName = LaunchScreen;
				INFOPLIST_KEY_UIMainStoryboardFile = Main;
				INFOPLIST_KEY_UISupportedInterfaceOrientations_iPad = "UIInterfaceOrientationPortrait UIInterfaceOrientationPortraitUpsideDown UIInterfaceOrientationLandscapeLeft UIInterfaceOrientationLandscapeRight";
				INFOPLIST_KEY_UISupportedInterfaceOrientations_iPhone = "UIInterfaceOrientationPortrait UIInterfaceOrientationLandscapeLeft UIInterfaceOrientationLandscapeRight";
				LD_RUNPATH_SEARCH_PATHS = (
					"$(inherited)",
					"@executable_path/Frameworks",
				);
				MARKETING_VERSION = 1.0;
				PRODUCT_BUNDLE_IDENTIFIER = com.mucasantos.Layouts;
				PRODUCT_NAME = "$(TARGET_NAME)";
				SWIFT_EMIT_LOC_STRINGS = YES;
				SWIFT_VERSION = 5.0;
				TARGETED_DEVICE_FAMILY = "1,2";
			};
			name = Release;
		};
		A417AA8128FF5164008DE7B0 /* Debug */ = {
			isa = XCBuildConfiguration;
			buildSettings = {
				ALWAYS_EMBED_SWIFT_STANDARD_LIBRARIES = YES;
				BUNDLE_LOADER = "$(TEST_HOST)";
				CODE_SIGN_STYLE = Automatic;
				CURRENT_PROJECT_VERSION = 1;
				DEVELOPMENT_TEAM = 24DL3ZMHAS;
				GENERATE_INFOPLIST_FILE = YES;
				IPHONEOS_DEPLOYMENT_TARGET = 15.5;
				MARKETING_VERSION = 1.0;
				PRODUCT_BUNDLE_IDENTIFIER = com.mucasantos.LayoutsTests;
				PRODUCT_NAME = "$(TARGET_NAME)";
				SWIFT_EMIT_LOC_STRINGS = NO;
				SWIFT_VERSION = 5.0;
				TARGETED_DEVICE_FAMILY = "1,2";
				TEST_HOST = "$(BUILT_PRODUCTS_DIR)/Layouts.app/Layouts";
			};
			name = Debug;
		};
		A417AA8228FF5164008DE7B0 /* Release */ = {
			isa = XCBuildConfiguration;
			buildSettings = {
				ALWAYS_EMBED_SWIFT_STANDARD_LIBRARIES = YES;
				BUNDLE_LOADER = "$(TEST_HOST)";
				CODE_SIGN_STYLE = Automatic;
				CURRENT_PROJECT_VERSION = 1;
				DEVELOPMENT_TEAM = 24DL3ZMHAS;
				GENERATE_INFOPLIST_FILE = YES;
				IPHONEOS_DEPLOYMENT_TARGET = 15.5;
				MARKETING_VERSION = 1.0;
				PRODUCT_BUNDLE_IDENTIFIER = com.mucasantos.LayoutsTests;
				PRODUCT_NAME = "$(TARGET_NAME)";
				SWIFT_EMIT_LOC_STRINGS = NO;
				SWIFT_VERSION = 5.0;
				TARGETED_DEVICE_FAMILY = "1,2";
				TEST_HOST = "$(BUILT_PRODUCTS_DIR)/Layouts.app/Layouts";
			};
			name = Release;
		};
		A417AA8428FF5164008DE7B0 /* Debug */ = {
			isa = XCBuildConfiguration;
			buildSettings = {
				ALWAYS_EMBED_SWIFT_STANDARD_LIBRARIES = YES;
				CODE_SIGN_STYLE = Automatic;
				CURRENT_PROJECT_VERSION = 1;
				DEVELOPMENT_TEAM = 24DL3ZMHAS;
				GENERATE_INFOPLIST_FILE = YES;
				MARKETING_VERSION = 1.0;
				PRODUCT_BUNDLE_IDENTIFIER = com.mucasantos.LayoutsUITests;
				PRODUCT_NAME = "$(TARGET_NAME)";
				SWIFT_EMIT_LOC_STRINGS = NO;
				SWIFT_VERSION = 5.0;
				TARGETED_DEVICE_FAMILY = "1,2";
				TEST_TARGET_NAME = Layouts;
			};
			name = Debug;
		};
		A417AA8528FF5164008DE7B0 /* Release */ = {
			isa = XCBuildConfiguration;
			buildSettings = {
				ALWAYS_EMBED_SWIFT_STANDARD_LIBRARIES = YES;
				CODE_SIGN_STYLE = Automatic;
				CURRENT_PROJECT_VERSION = 1;
				DEVELOPMENT_TEAM = 24DL3ZMHAS;
				GENERATE_INFOPLIST_FILE = YES;
				MARKETING_VERSION = 1.0;
				PRODUCT_BUNDLE_IDENTIFIER = com.mucasantos.LayoutsUITests;
				PRODUCT_NAME = "$(TARGET_NAME)";
				SWIFT_EMIT_LOC_STRINGS = NO;
				SWIFT_VERSION = 5.0;
				TARGETED_DEVICE_FAMILY = "1,2";
				TEST_TARGET_NAME = Layouts;
			};
			name = Release;
		};
/* End XCBuildConfiguration section */

/* Begin XCConfigurationList section */
		A417AA4E28FF5163008DE7B0 /* Build configuration list for PBXProject "Layouts" */ = {
			isa = XCConfigurationList;
			buildConfigurations = (
				A417AA7B28FF5164008DE7B0 /* Debug */,
				A417AA7C28FF5164008DE7B0 /* Release */,
			);
			defaultConfigurationIsVisible = 0;
			defaultConfigurationName = Release;
		};
		A417AA7D28FF5164008DE7B0 /* Build configuration list for PBXNativeTarget "Layouts" */ = {
			isa = XCConfigurationList;
			buildConfigurations = (
				A417AA7E28FF5164008DE7B0 /* Debug */,
				A417AA7F28FF5164008DE7B0 /* Release */,
			);
			defaultConfigurationIsVisible = 0;
			defaultConfigurationName = Release;
		};
		A417AA8028FF5164008DE7B0 /* Build configuration list for PBXNativeTarget "LayoutsTests" */ = {
			isa = XCConfigurationList;
			buildConfigurations = (
				A417AA8128FF5164008DE7B0 /* Debug */,
				A417AA8228FF5164008DE7B0 /* Release */,
			);
			defaultConfigurationIsVisible = 0;
			defaultConfigurationName = Release;
		};
		A417AA8328FF5164008DE7B0 /* Build configuration list for PBXNativeTarget "LayoutsUITests" */ = {
			isa = XCConfigurationList;
			buildConfigurations = (
				A417AA8428FF5164008DE7B0 /* Debug */,
				A417AA8528FF5164008DE7B0 /* Release */,
			);
			defaultConfigurationIsVisible = 0;
			defaultConfigurationName = Release;
		};
/* End XCConfigurationList section */
	};
	rootObject = A417AA4B28FF5163008DE7B0 /* Project object */;
}
